
Microsoft Visual Studio Solution File, Format Version 12.00
# Visual Studio Version 16
VisualStudioVersion = 16.0.32413.511
MinimumVisualStudioVersion = 10.0.40219.1
Project("{FAE04EC0-301F-11D3-BF4B-00C04F79EFBC}") = "FastFoods", "FastFoods\FastFoods.csproj", "{5574CB16-1D1A-4863-B4B1-36DD4B5619CD}"
EndProject
Global
	GlobalSection(SolutionConfigurationPlatforms) = preSolution
		Debug|Any CPU = Debug|Any CPU
		Release|Any CPU = Release|Any CPU
	EndGlobalSection
	GlobalSection(ProjectConfigurationPlatforms) = postSolution
		{5574CB16-1D1A-4863-B4B1-36DD4B5619CD}.Debug|Any CPU.ActiveCfg = Debug|Any CPU
		{5574CB16-1D1A-4863-B4B1-36DD4B5619CD}.Debug|Any CPU.Build.0 = Debug|Any CPU
		{5574CB16-1D1A-4863-B4B1-36DD4B5619CD}.Release|Any CPU.ActiveCfg = Release|Any CPU
		{5574CB16-1D1A-4863-B4B1-36DD4B5619CD}.Release|Any CPU.Build.0 = Release|Any CPU
	EndGlobalSection
	GlobalSection(SolutionProperties) = preSolution
		HideSolutionNode = FALSE
	EndGlobalSection
	GlobalSection(ExtensibilityGlobals) = postSolution
		SolutionGuid = {2ABA7748-7B90-4004-9843-7ABE4FFE66AF}
	EndGlobalSection
EndGlobal
